{
    "_readme": [
        "This file locks the dependencies of your project to a known state",
        "Read more about it at https://getcomposer.org/doc/01-basic-usage.md#installing-dependencies",
        "This file is @generated automatically"
    ],
    "content-hash": "beadd966e78d575d5bf98823c0bea40c",
    "packages": [
        {
            "name": "salsify/json-streaming-parser",
            "version": "v8.3.1",
            "source": {
                "type": "git",
                "url": "https://github.com/salsify/jsonstreamingparser.git",
                "reference": "c0cfac990eb4e917c71b0ad0146546f0a4da0c2f"
            },
            "dist": {
                "type": "zip",
                "url": "https://api.github.com/repos/salsify/jsonstreamingparser/zipball/c0cfac990eb4e917c71b0ad0146546f0a4da0c2f",
                "reference": "c0cfac990eb4e917c71b0ad0146546f0a4da0c2f",
                "shasum": ""
            },
            "require": {
                "ext-ctype": "*",
                "ext-mbstring": "*",
                "php": ">=7.1"
            },
            "require-dev": {
                "ext-json": "*",
                "phpunit/phpunit": "~9.6"
            },
            "type": "library",
            "extra": {
                "branch-alias": {
                    "dev-master": "8.0-dev"
                }
            },
            "autoload": {
                "psr-4": {
                    "JsonStreamingParser\\": "src",
                    "JsonStreamingParser\\Test\\": "tests"
                }
            },
            "notification-url": "https://packagist.org/downloads/",
            "license": [
                "MIT"
            ],
            "authors": [
                {
                    "name": "Rob Gonzalez",
                    "email": "rob@salsify.com",
                    "homepage": "http://salsify.com/"
                },
                {
                    "name": "Maxim Gnatenko",
                    "email": "mgnatenko@gmail.com"
                },
                {
                    "name": "Max Grigorian",
                    "email": "maxakawizard@gmail.com",
                    "homepage": "http://wizardcat.com/"
                },
                {
                    "name": "ThePanz",
                    "email": "thepanz@gmail.com"
                }
            ],
            "description": "A streaming parser for JSON in PHP.",
            "homepage": "https://github.com/salsify/jsonstreamingparser",
            "keywords": [
                "json",
                "parser",
                "streaming"
            ],
            "support": {
                "issues": "https://github.com/salsify/jsonstreamingparser/issues",
                "source": "https://github.com/salsify/jsonstreamingparser/tree/v8.3.1"
            },
            "time": "2023-05-09T10:37:49+00:00"
        }
    ],
    "packages-dev": [],
    "aliases": [],
    "minimum-stability": "stable",
    "stability-flags": [],
    "prefer-stable": false,
    "prefer-lowest": false,
    "platform": [],
    "platform-dev": [],
    "plugin-api-version": "2.3.0"
}
